
Microsoft Visual Studio Solution File, Format Version 12.00
# Visual Studio Version 17
VisualStudioVersion = 17.4.33213.308
MinimumVisualStudioVersion = 10.0.40219.1
Project("{9A19103F-16F7-4668-BE54-9A1E7A4F7556}") = "CriptografiaAssimetriaRSA", "CriptografiaAssimetriaRSA\CriptografiaAssimetriaRSA.csproj", "{02D0F1A5-8D0B-46E0-AC28-342E0EC7E302}"
EndProject
Project("{9A19103F-16F7-4668-BE54-9A1E7A4F7556}") = "CriptografiaAES", "CriptografiaAES\CriptografiaAES.csproj", "{AA7DC610-E99E-4E6C-B961-3809B33F8EE9}"
EndProject
Global
	GlobalSection(SolutionConfigurationPlatforms) = preSolution
		Debug|Any CPU = Debug|Any CPU
		Release|Any CPU = Release|Any CPU
	EndGlobalSection
	GlobalSection(ProjectConfigurationPlatforms) = postSolution
		{02D0F1A5-8D0B-46E0-AC28-342E0EC7E302}.Debug|Any CPU.ActiveCfg = Debug|Any CPU
		{02D0F1A5-8D0B-46E0-AC28-342E0EC7E302}.Debug|Any CPU.Build.0 = Debug|Any CPU
		{02D0F1A5-8D0B-46E0-AC28-342E0EC7E302}.Release|Any CPU.ActiveCfg = Release|Any CPU
		{02D0F1A5-8D0B-46E0-AC28-342E0EC7E302}.Release|Any CPU.Build.0 = Release|Any CPU
		{AA7DC610-E99E-4E6C-B961-3809B33F8EE9}.Debug|Any CPU.ActiveCfg = Debug|Any CPU
		{AA7DC610-E99E-4E6C-B961-3809B33F8EE9}.Debug|Any CPU.Build.0 = Debug|Any CPU
		{AA7DC610-E99E-4E6C-B961-3809B33F8EE9}.Release|Any CPU.ActiveCfg = Release|Any CPU
		{AA7DC610-E99E-4E6C-B961-3809B33F8EE9}.Release|Any CPU.Build.0 = Release|Any CPU
	EndGlobalSection
	GlobalSection(SolutionProperties) = preSolution
		HideSolutionNode = FALSE
	EndGlobalSection
	GlobalSection(ExtensibilityGlobals) = postSolution
		SolutionGuid = {C6A29BE0-BE56-45E1-9992-8E84FCE3A065}
	EndGlobalSection
EndGlobal
